
Microsoft Visual Studio Solution File, Format Version 11.00
# Visual Studio 2010
Project("{FAE04EC0-301F-11D3-BF4B-00C04F79EFBC}") = "Assembly-CSharp", "Assembly-CSharp.csproj", "{623C3401-ECC9-1FEF-16F8-122E7B215974}"
EndProject
Project("{FAE04EC0-301F-11D3-BF4B-00C04F79EFBC}") = "Assembly-CSharp-Editor-firstpass", "Assembly-CSharp-Editor-firstpass.csproj", "{7A0DED15-D398-BD52-9D71-9CB91C392562}"
EndProject
Project("{FAE04EC0-301F-11D3-BF4B-00C04F79EFBC}") = "Assembly-CSharp-Editor", "Assembly-CSharp-Editor.csproj", "{C1518A79-8D9F-0495-8033-20B56DC53B42}"
EndProject
Global
	GlobalSection(SolutionConfigurationPlatforms) = preSolution
		Debug|Any CPU = Debug|Any CPU
		Release|Any CPU = Release|Any CPU
	EndGlobalSection
	GlobalSection(ProjectConfigurationPlatforms) = postSolution
		{623C3401-ECC9-1FEF-16F8-122E7B215974}.Debug|Any CPU.ActiveCfg = Debug|Any CPU
		{623C3401-ECC9-1FEF-16F8-122E7B215974}.Debug|Any CPU.Build.0 = Debug|Any CPU
		{623C3401-ECC9-1FEF-16F8-122E7B215974}.Release|Any CPU.ActiveCfg = Release|Any CPU
		{623C3401-ECC9-1FEF-16F8-122E7B215974}.Release|Any CPU.Build.0 = Release|Any CPU
		{7A0DED15-D398-BD52-9D71-9CB91C392562}.Debug|Any CPU.ActiveCfg = Debug|Any CPU
		{7A0DED15-D398-BD52-9D71-9CB91C392562}.Debug|Any CPU.Build.0 = Debug|Any CPU
		{7A0DED15-D398-BD52-9D71-9CB91C392562}.Release|Any CPU.ActiveCfg = Release|Any CPU
		{7A0DED15-D398-BD52-9D71-9CB91C392562}.Release|Any CPU.Build.0 = Release|Any CPU
		{C1518A79-8D9F-0495-8033-20B56DC53B42}.Debug|Any CPU.ActiveCfg = Debug|Any CPU
		{C1518A79-8D9F-0495-8033-20B56DC53B42}.Debug|Any CPU.Build.0 = Debug|Any CPU
		{C1518A79-8D9F-0495-8033-20B56DC53B42}.Release|Any CPU.ActiveCfg = Release|Any CPU
		{C1518A79-8D9F-0495-8033-20B56DC53B42}.Release|Any CPU.Build.0 = Release|Any CPU
	EndGlobalSection
	GlobalSection(SolutionProperties) = preSolution
		HideSolutionNode = FALSE
	EndGlobalSection
EndGlobal
